<?xml version="1.0" encoding="utf-8"?>
<Project ToolsVersion="4.0" xmlns="http://schemas.microsoft.com/developer/msbuild/2003">
  <ItemGroup>
    <Filter Include="Source Files">
      <UniqueIdentifier>{4FC737F1-C7A5-4376-A066-2A32D752A2FF}</UniqueIdentifier>
      <Extensions>cpp;c;cc;cxx;def;odl;idl;hpj;bat;asm;asmx</Extensions>
    </Filter>
    <Filter Include="Header Files">
      <UniqueIdentifier>{93995380-89BD-4b04-88EB-625FBE52EBFB}</UniqueIdentifier>
      <Extensions>h;hh;hpp;hxx;hm;inl;inc;xsd</Extensions>
    </Filter>
    <Filter Include="Resource Files">
      <UniqueIdentifier>{67DA6AB6-F800-4c08-8B7A-83BB121AAD01}</UniqueIdentifier>
      <Extensions>rc;ico;cur;bmp;dlg;rc2;rct;bin;rgs;gif;jpg;jpeg;jpe;resx;tiff;tif;png;wav;mfcribbon-ms</Extensions>
    </Filter>
  </ItemGroup>
  <ItemGroup>
    <ClInclude Include="Resource.h">
      <Filter>Resource Files</Filter>
    </ClInclude>
    <ClInclude Include="DataItem.h">
      <Filter>Header Files</Filter>
    </ClInclude>
    <ClInclude Include="Connection.h">
      <Filter>Header Files</Filter>
    </ClInclude>
    <ClInclude Include="Dataset.h">
      <Filter>Header Files</Filter>
    </ClInclude>
    <ClInclude Include="GUIDHolder.h">
      <Filter>Header Files</Filter>
    </ClInclude>
    <ClInclude Include="InputNeuron.h">
      <Filter>Header Files</Filter>
    </ClInclude>
    <ClInclude Include="NaturalNN.h">
      <Filter>Header Files</Filter>
    </ClInclude>
    <ClInclude Include="Neuron.h">
      <Filter>Header Files</Filter>
    </ClInclude>
    <ClInclude Include="NormalizedValue.h">
      <Filter>Header Files</Filter>
    </ClInclude>
    <ClInclude Include="OutputNeuron.h">
      <Filter>Header Files</Filter>
    </ClInclude>
    <ClInclude Include="Propagator.h">
      <Filter>Header Files</Filter>
    </ClInclude>
    <ClInclude Include="GraphicsDriver.h">
      <Filter>Header Files</Filter>
    </ClInclude>
    <ClInclude Include="GSWindow.h">
      <Filter>Header Files</Filter>
    </ClInclude>
    <ClInclude Include="GSRenderer.h">
      <Filter>Header Files</Filter>
    </ClInclude>
    <ClInclude Include="GSSurface.h">
      <Filter>Header Files</Filter>
    </ClInclude>
    <ClInclude Include="GSTexture.h">
      <Filter>Header Files</Filter>
    </ClInclude>
    <ClInclude Include="SdlDeleter.h">
      <Filter>Header Files</Filter>
    </ClInclude>
    <ClInclude Include="ResourceManager.h">
      <Filter>Header Files</Filter>
    </ClInclude>
    <ClInclude Include="GSRectangle.h">
      <Filter>Header Files</Filter>
    </ClInclude>
    <ClInclude Include="GSDrawable.h">
      <Filter>Header Files</Filter>
    </ClInclude>
    <ClInclude Include="GameEngine.h">
      <Filter>Header Files</Filter>
    </ClInclude>
    <ClInclude Include="PhysicsEngine.h">
      <Filter>Header Files</Filter>
    </ClInclude>
    <ClInclude Include="PhysicalObject.h">
      <Filter>Header Files</Filter>
    </ClInclude>
    <ClInclude Include="GameObject.h">
      <Filter>Header Files</Filter>
    </ClInclude>
    <ClInclude Include="Vector2D.h">
      <Filter>Header Files</Filter>
    </ClInclude>
    <ClInclude Include="TextureManager.h">
      <Filter>Header Files</Filter>
    </ClInclude>
    <ClInclude Include="pugixml\pugiconfig.hpp">
      <Filter>Header Files</Filter>
    </ClInclude>
    <ClInclude Include="pugixml\pugixml.hpp">
      <Filter>Header Files</Filter>
    </ClInclude>
    <ClInclude Include="Nanobot.h">
      <Filter>Header Files</Filter>
    </ClInclude>
    <ClInclude Include="Asteroid.h">
      <Filter>Header Files</Filter>
    </ClInclude>
    <ClInclude Include="GSAnimation.h">
      <Filter>Header Files</Filter>
    </ClInclude>
    <ClInclude Include="MiningBeam.h">
      <Filter>Header Files</Filter>
    </ClInclude>
    <ClInclude Include="AnimatedGameObject.h">
      <Filter>Header Files</Filter>
    </ClInclude>
    <ClInclude Include="PlasmaBolt.h">
      <Filter>Header Files</Filter>
    </ClInclude>
    <ClInclude Include="ThermalBlast.h">
      <Filter>Header Files</Filter>
    </ClInclude>
  </ItemGroup>
  <ItemGroup>
    <ClCompile Include="Main.cpp">
      <Filter>Source Files</Filter>
    </ClCompile>
    <ClCompile Include="DataItem.cpp">
      <Filter>Source Files</Filter>
    </ClCompile>
    <ClCompile Include="Connection.cpp">
      <Filter>Source Files</Filter>
    </ClCompile>
    <ClCompile Include="Dataset.cpp">
      <Filter>Source Files</Filter>
    </ClCompile>
    <ClCompile Include="GUIDHolder.cpp">
      <Filter>Source Files</Filter>
    </ClCompile>
    <ClCompile Include="NaturalNN.cpp">
      <Filter>Source Files</Filter>
    </ClCompile>
    <ClCompile Include="Neuron.cpp">
      <Filter>Source Files</Filter>
    </ClCompile>
    <ClCompile Include="Propagator.cpp">
      <Filter>Source Files</Filter>
    </ClCompile>
    <ClCompile Include="GraphicsDriver.cpp">
      <Filter>Source Files</Filter>
    </ClCompile>
    <ClCompile Include="GSWindow.cpp">
      <Filter>Source Files</Filter>
    </ClCompile>
    <ClCompile Include="GSRenderer.cpp">
      <Filter>Source Files</Filter>
    </ClCompile>
    <ClCompile Include="GSSurface.cpp">
      <Filter>Source Files</Filter>
    </ClCompile>
    <ClCompile Include="GSTexture.cpp">
      <Filter>Source Files</Filter>
    </ClCompile>
    <ClCompile Include="ResourceManager.cpp">
      <Filter>Source Files</Filter>
    </ClCompile>
    <ClCompile Include="GSRectangle.cpp">
      <Filter>Source Files</Filter>
    </ClCompile>
    <ClCompile Include="GSDrawable.cpp">
      <Filter>Source Files</Filter>
    </ClCompile>
    <ClCompile Include="GameEngine.cpp">
      <Filter>Source Files</Filter>
    </ClCompile>
    <ClCompile Include="PhysicsEngine.cpp">
      <Filter>Source Files</Filter>
    </ClCompile>
    <ClCompile Include="PhysicalObject.cpp">
      <Filter>Source Files</Filter>
    </ClCompile>
    <ClCompile Include="GameObject.cpp">
      <Filter>Source Files</Filter>
    </ClCompile>
    <ClCompile Include="Vector2D.cpp">
      <Filter>Source Files</Filter>
    </ClCompile>
    <ClCompile Include="TextureManager.cpp">
      <Filter>Source Files</Filter>
    </ClCompile>
    <ClCompile Include="pugixml\pugixml.cpp">
      <Filter>Source Files</Filter>
    </ClCompile>
    <ClCompile Include="Nanobot.cpp">
      <Filter>Source Files</Filter>
    </ClCompile>
    <ClCompile Include="Asteroid.cpp">
      <Filter>Source Files</Filter>
    </ClCompile>
    <ClCompile Include="GSAnimation.cpp">
      <Filter>Source Files</Filter>
    </ClCompile>
    <ClCompile Include="MiningBeam.cpp">
      <Filter>Source Files</Filter>
    </ClCompile>
    <ClCompile Include="AnimatedGameObject.cpp">
      <Filter>Source Files</Filter>
    </ClCompile>
    <ClCompile Include="PlasmaBolt.cpp">
      <Filter>Source Files</Filter>
    </ClCompile>
    <ClCompile Include="ThermalBlast.cpp">
      <Filter>Source Files</Filter>
    </ClCompile>
  </ItemGroup>
</Project>